// !$*UTF8*$!
{
	archiveVersion = 1;
	classes = {
	};
	objectVersion = 46;
	objects = {

/* Begin PBXBuildFile section */
		B9FED3FC19F11AD20083D026 /* main.m in Sources */ = {isa = PBXBuildFile; fileRef = B9FED3FB19F11AD20083D026 /* main.m */; };
		B9FED3FF19F11AD20083D026 /* AppDelegate.m in Sources */ = {isa = PBXBuildFile; fileRef = B9FED3FE19F11AD20083D026 /* AppDelegate.m */; };
		B9FED40219F11AD20083D026 /* MasterViewController.m in Sources */ = {isa = PBXBuildFile; fileRef = B9FED40119F11AD20083D026 /* MasterViewController.m */; };
		B9FED40519F11AD20083D026 /* DetailViewController.m in Sources */ = {isa = PBXBuildFile; fileRef = B9FED40419F11AD20083D026 /* DetailViewController.m */; };
		B9FED40819F11AD20083D026 /* Main.storyboard in Resources */ = {isa = PBXBuildFile; fileRef = B9FED40619F11AD20083D026 /* Main.storyboard */; };
		B9FED40A19F11AD20083D026 /* Images.xcassets in Resources */ = {isa = PBXBuildFile; fileRef = B9FED40919F11AD20083D026 /* Images.xcassets */; };
		B9FED40D19F11AD20083D026 /* LaunchScreen.xib in Resources */ = {isa = PBXBuildFile; fileRef = B9FED40B19F11AD20083D026 /* LaunchScreen.xib */; };
		B9FED41919F11AD20083D026 /* DemoProjectTravisTests.m in Sources */ = {isa = PBXBuildFile; fileRef = B9FED41819F11AD20083D026 /* DemoProjectTravisTests.m */; };
/* End PBXBuildFile section */

/* Begin PBXContainerItemProxy section */
		B9FED41319F11AD20083D026 /* PBXContainerItemProxy */ = {
			isa = PBXContainerItemProxy;
			containerPortal = B9FED3EE19F11AD10083D026 /* Project object */;
			proxyType = 1;
			remoteGlobalIDString = B9FED3F519F11AD10083D026;
			remoteInfo = DemoProjectTravis;
		};
/* End PBXContainerItemProxy section */

/* Begin PBXFileReference section */
		B9FED3F619F11AD20083D026 /* DemoProjectTravis.app */ = {isa = PBXFileReference; explicitFileType = wrapper.application; includeInIndex = 0; path = DemoProjectTravis.app; sourceTree = BUILT_PRODUCTS_DIR; };
		B9FED3FA19F11AD20083D026 /* Info.plist */ = {isa = PBXFileReference; lastKnownFileType = text.plist.xml; path = Info.plist; sourceTree = "<group>"; };
		B9FED3FB19F11AD20083D026 /* main.m */ = {isa = PBXFileReference; lastKnownFileType = sourcecode.c.objc; path = main.m; sourceTree = "<group>"; };
		B9FED3FD19F11AD20083D026 /* AppDelegate.h */ = {isa = PBXFileReference; lastKnownFileType = sourcecode.c.h; path = AppDelegate.h; sourceTree = "<group>"; };
		B9FED3FE19F11AD20083D026 /* AppDelegate.m */ = {isa = PBXFileReference; lastKnownFileType = sourcecode.c.objc; path = AppDelegate.m; sourceTree = "<group>"; };
		B9FED40019F11AD20083D026 /* MasterViewController.h */ = {isa = PBXFileReference; lastKnownFileType = sourcecode.c.h; path = MasterViewController.h; sourceTree = "<group>"; };
		B9FED40119F11AD20083D026 /* MasterViewController.m */ = {isa = PBXFileReference; lastKnownFileType = sourcecode.c.objc; path = MasterViewController.m; sourceTree = "<group>"; };
		B9FED40319F11AD20083D026 /* DetailViewController.h */ = {isa = PBXFileReference; lastKnownFileType = sourcecode.c.h; path = DetailViewController.h; sourceTree = "<group>"; };
		B9FED40419F11AD20083D026 /* DetailViewController.m */ = {isa = PBXFileReference; lastKnownFileType = sourcecode.c.objc; path = DetailViewController.m; sourceTree = "<group>"; };
		B9FED40719F11AD20083D026 /* Base */ = {isa = PBXFileReference; lastKnownFileType = file.storyboard; name = Base; path = Base.lproj/Main.storyboard; sourceTree = "<group>"; };
		B9FED40919F11AD20083D026 /* Images.xcassets */ = {isa = PBXFileReference; lastKnownFileType = folder.assetcatalog; path = Images.xcassets; sourceTree = "<group>"; };
		B9FED40C19F11AD20083D026 /* Base */ = {isa = PBXFileReference; lastKnownFileType = file.xib; name = Base; path = Base.lproj/LaunchScreen.xib; sourceTree = "<group>"; };
		B9FED41219F11AD20083D026 /* DemoProjectTravisTests.xctest */ = {isa = PBXFileReference; explicitFileType = wrapper.cfbundle; includeInIndex = 0; path = DemoProjectTravisTests.xctest; sourceTree = BUILT_PRODUCTS_DIR; };
		B9FED41719F11AD20083D026 /* Info.plist */ = {isa = PBXFileReference; lastKnownFileType = text.plist.xml; path = Info.plist; sourceTree = "<group>"; };
		B9FED41819F11AD20083D026 /* DemoProjectTravisTests.m */ = {isa = PBXFileReference; lastKnownFileType = sourcecode.c.objc; path = DemoProjectTravisTests.m; sourceTree = "<group>"; };
/* End PBXFileReference section */

/* Begin PBXFrameworksBuildPhase section */
		B9FED3F319F11AD10083D026 /* Frameworks */ = {
			isa = PBXFrameworksBuildPhase;
			buildActionMask = 2147483647;
			files = (
			);
			runOnlyForDeploymentPostprocessing = 0;
		};
		B9FED40F19F11AD20083D026 /* Frameworks */ = {
			isa = PBXFrameworksBuildPhase;
			buildActionMask = 2147483647;
			files = (
			);
			runOnlyForDeploymentPostprocessing = 0;
		};
/* End PBXFrameworksBuildPhase section */

/* Begin PBXGroup section */
		B9FED3ED19F11AD10083D026 = {
			isa = PBXGroup;
			children = (
				B9FED3F819F11AD20083D026 /* DemoProjectTravis */,
				B9FED41519F11AD20083D026 /* DemoProjectTravisTests */,
				B9FED3F719F11AD20083D026 /* Products */,
			);
			sourceTree = "<group>";
		};
		B9FED3F719F11AD20083D026 /* Products */ = {
			isa = PBXGroup;
			children = (
				B9FED3F619F11AD20083D026 /* DemoProjectTravis.app */,
				B9FED41219F11AD20083D026 /* DemoProjectTravisTests.xctest */,
			);
			name = Products;
			sourceTree = "<group>";
		};
		B9FED3F819F11AD20083D026 /* DemoProjectTravis */ = {
			isa = PBXGroup;
			children = (
				B9FED3FD19F11AD20083D026 /* AppDelegate.h */,
				B9FED3FE19F11AD20083D026 /* AppDelegate.m */,
				B9FED40019F11AD20083D026 /* MasterViewController.h */,
				B9FED40119F11AD20083D026 /* MasterViewController.m */,
				B9FED40319F11AD20083D026 /* DetailViewController.h */,
				B9FED40419F11AD20083D026 /* DetailViewController.m */,
				B9FED40619F11AD20083D026 /* Main.storyboard */,
				B9FED40919F11AD20083D026 /* Images.xcassets */,
				B9FED40B19F11AD20083D026 /* LaunchScreen.xib */,
				B9FED3F919F11AD20083D026 /* Supporting Files */,
			);
			path = DemoProjectTravis;
			sourceTree = "<group>";
		};
		B9FED3F919F11AD20083D026 /* Supporting Files */ = {
			isa = PBXGroup;
			children = (
				B9FED3FA19F11AD20083D026 /* Info.plist */,
				B9FED3FB19F11AD20083D026 /* main.m */,
			);
			name = "Supporting Files";
			sourceTree = "<group>";
		};
		B9FED41519F11AD20083D026 /* DemoProjectTravisTests */ = {
			isa = PBXGroup;
			children = (
				B9FED41819F11AD20083D026 /* DemoProjectTravisTests.m */,
				B9FED41619F11AD20083D026 /* Supporting Files */,
			);
			path = DemoProjectTravisTests;
			sourceTree = "<group>";
		};
		B9FED41619F11AD20083D026 /* Supporting Files */ = {
			isa = PBXGroup;
			children = (
				B9FED41719F11AD20083D026 /* Info.plist */,
			);
			name = "Supporting Files";
			sourceTree = "<group>";
		};
/* End PBXGroup section */

/* Begin PBXNativeTarget section */
		B9FED3F519F11AD10083D026 /* DemoProjectTravis */ = {
			isa = PBXNativeTarget;
			buildConfigurationList = B9FED41C19F11AD20083D026 /* Build configuration list for PBXNativeTarget "DemoProjectTravis" */;
			buildPhases = (
				B9FED3F219F11AD10083D026 /* Sources */,
				B9FED3F319F11AD10083D026 /* Frameworks */,
				B9FED3F419F11AD10083D026 /* Resources */,
			);
			buildRules = (
			);
			dependencies = (
			);
			name = DemoProjectTravis;
			productName = DemoProjectTravis;
			productReference = B9FED3F619F11AD20083D026 /* DemoProjectTravis.app */;
			productType = "com.apple.product-type.application";
		};
		B9FED41119F11AD20083D026 /* DemoProjectTravisTests */ = {
			isa = PBXNativeTarget;
			buildConfigurationList = B9FED41F19F11AD20083D026 /* Build configuration list for PBXNativeTarget "DemoProjectTravisTests" */;
			buildPhases = (
				B9FED40E19F11AD20083D026 /* Sources */,
				B9FED40F19F11AD20083D026 /* Frameworks */,
				B9FED41019F11AD20083D026 /* Resources */,
			);
			buildRules = (
			);
			dependencies = (
				B9FED41419F11AD20083D026 /* PBXTargetDependency */,
			);
			name = DemoProjectTravisTests;
			productName = DemoProjectTravisTests;
			productReference = B9FED41219F11AD20083D026 /* DemoProjectTravisTests.xctest */;
			productType = "com.apple.product-type.bundle.unit-test";
		};
/* End PBXNativeTarget section */

/* Begin PBXProject section */
		B9FED3EE19F11AD10083D026 /* Project object */ = {
			isa = PBXProject;
			attributes = {
				LastUpgradeCheck = 0600;
				ORGANIZATIONNAME = com.v2solutions;
				TargetAttributes = {
					B9FED3F519F11AD10083D026 = {
						CreatedOnToolsVersion = 6.0.1;
					};
					B9FED41119F11AD20083D026 = {
						CreatedOnToolsVersion = 6.0.1;
						TestTargetID = B9FED3F519F11AD10083D026;
					};
				};
			};
			buildConfigurationList = B9FED3F119F11AD10083D026 /* Build configuration list for PBXProject "DemoProjectTravis" */;
			compatibilityVersion = "Xcode 3.2";
			developmentRegion = English;
			hasScannedForEncodings = 0;
			knownRegions = (
				en,
				Base,
			);
			mainGroup = B9FED3ED19F11AD10083D026;
			productRefGroup = B9FED3F719F11AD20083D026 /* Products */;
			projectDirPath = "";
			projectRoot = "";
			targets = (
				B9FED3F519F11AD10083D026 /* DemoProjectTravis */,
				B9FED41119F11AD20083D026 /* DemoProjectTravisTests */,
			);
		};
/* End PBXProject section */

/* Begin PBXResourcesBuildPhase section */
		B9FED3F419F11AD10083D026 /* Resources */ = {
			isa = PBXResourcesBuildPhase;
			buildActionMask = 2147483647;
			files = (
				B9FED40819F11AD20083D026 /* Main.storyboard in Resources */,
				B9FED40D19F11AD20083D026 /* LaunchScreen.xib in Resources */,
				B9FED40A19F11AD20083D026 /* Images.xcassets in Resources */,
			);
			runOnlyForDeploymentPostprocessing = 0;
		};
		B9FED41019F11AD20083D026 /* Resources */ = {
			isa = PBXResourcesBuildPhase;
			buildActionMask = 2147483647;
			files = (
			);
			runOnlyForDeploymentPostprocessing = 0;
		};
/* End PBXResourcesBuildPhase section */

/* Begin PBXSourcesBuildPhase section */
		B9FED3F219F11AD10083D026 /* Sources */ = {
			isa = PBXSourcesBuildPhase;
			buildActionMask = 2147483647;
			files = (
				B9FED3FF19F11AD20083D026 /* AppDelegate.m in Sources */,
				B9FED40219F11AD20083D026 /* MasterViewController.m in Sources */,
				B9FED3FC19F11AD20083D026 /* main.m in Sources */,
				B9FED40519F11AD20083D026 /* DetailViewController.m in Sources */,
			);
			runOnlyForDeploymentPostprocessing = 0;
		};
		B9FED40E19F11AD20083D026 /* Sources */ = {
			isa = PBXSourcesBuildPhase;
			buildActionMask = 2147483647;
			files = (
				B9FED41919F11AD20083D026 /* DemoProjectTravisTests.m in Sources */,
			);
			runOnlyForDeploymentPostprocessing = 0;
		};
/* End PBXSourcesBuildPhase section */

/* Begin PBXTargetDependency section */
		B9FED41419F11AD20083D026 /* PBXTargetDependency */ = {
			isa = PBXTargetDependency;
			target = B9FED3F519F11AD10083D026 /* DemoProjectTravis */;
			targetProxy = B9FED41319F11AD20083D026 /* PBXContainerItemProxy */;
		};
/* End PBXTargetDependency section */

/* Begin PBXVariantGroup section */
		B9FED40619F11AD20083D026 /* Main.storyboard */ = {
			isa = PBXVariantGroup;
			children = (
				B9FED40719F11AD20083D026 /* Base */,
			);
			name = Main.storyboard;
			sourceTree = "<group>";
		};
		B9FED40B19F11AD20083D026 /* LaunchScreen.xib */ = {
			isa = PBXVariantGroup;
			children = (
				B9FED40C19F11AD20083D026 /* Base */,
			);
			name = LaunchScreen.xib;
			sourceTree = "<group>";
		};
/* End PBXVariantGroup section */

/* Begin XCBuildConfiguration section */
		B9FED41A19F11AD20083D026 /* Debug */ = {
			isa = XCBuildConfiguration;
			buildSettings = {
				ALWAYS_SEARCH_USER_PATHS = NO;
				CLANG_CXX_LANGUAGE_STANDARD = "gnu++0x";
				CLANG_CXX_LIBRARY = "libc++";
				CLANG_ENABLE_MODULES = YES;
				CLANG_ENABLE_OBJC_ARC = YES;
				CLANG_WARN_BOOL_CONVERSION = YES;
				CLANG_WARN_CONSTANT_CONVERSION = YES;
				CLANG_WARN_DIRECT_OBJC_ISA_USAGE = YES_ERROR;
				CLANG_WARN_EMPTY_BODY = YES;
				CLANG_WARN_ENUM_CONVERSION = YES;
				CLANG_WARN_INT_CONVERSION = YES;
				CLANG_WARN_OBJC_ROOT_CLASS = YES_ERROR;
				CLANG_WARN_UNREACHABLE_CODE = YES;
				CLANG_WARN__DUPLICATE_METHOD_MATCH = YES;
				CODE_SIGN_IDENTITY = "iPhone Distribution: V2Solutions, Inc.";
				"CODE_SIGN_IDENTITY[sdk=iphoneos*]" = "iPhone Distribution: V2Solutions, Inc.";
				COPY_PHASE_STRIP = NO;
				ENABLE_STRICT_OBJC_MSGSEND = YES;
				GCC_C_LANGUAGE_STANDARD = gnu99;
				GCC_DYNAMIC_NO_PIC = NO;
				GCC_OPTIMIZATION_LEVEL = 0;
				GCC_PREPROCESSOR_DEFINITIONS = (
					"DEBUG=1",
					"$(inherited)",
				);
				GCC_SYMBOLS_PRIVATE_EXTERN = NO;
				GCC_WARN_64_TO_32_BIT_CONVERSION = YES;
				GCC_WARN_ABOUT_RETURN_TYPE = YES_ERROR;
				GCC_WARN_UNDECLARED_SELECTOR = YES;
				GCC_WARN_UNINITIALIZED_AUTOS = YES_AGGRESSIVE;
				GCC_WARN_UNUSED_FUNCTION = YES;
				GCC_WARN_UNUSED_VARIABLE = YES;
				IPHONEOS_DEPLOYMENT_TARGET = 7.0;
				MTL_ENABLE_DEBUG_INFO = YES;
				ONLY_ACTIVE_ARCH = YES;
				PROVISIONING_PROFILE = "639FECA9-5322-46D3-BE94-AC00F4C39DBD";
				SDKROOT = iphoneos;
			};
			name = Debug;
		};
		B9FED41B19F11AD20083D026 /* Release */ = {
			isa = XCBuildConfiguration;
			buildSettings = {
				ALWAYS_SEARCH_USER_PATHS = NO;
				CLANG_CXX_LANGUAGE_STANDARD = "gnu++0x";
				CLANG_CXX_LIBRARY = "libc++";
				CLANG_ENABLE_MODULES = YES;
				CLANG_ENABLE_OBJC_ARC = YES;
				CLANG_WARN_BOOL_CONVERSION = YES;
				CLANG_WARN_CONSTANT_CONVERSION = YES;
				CLANG_WARN_DIRECT_OBJC_ISA_USAGE = YES_ERROR;
				CLANG_WARN_EMPTY_BODY = YES;
				CLANG_WARN_ENUM_CONVERSION = YES;
				CLANG_WARN_INT_CONVERSION = YES;
				CLANG_WARN_OBJC_ROOT_CLASS = YES_ERROR;
				CLANG_WARN_UNREACHABLE_CODE = YES;
				CLANG_WARN__DUPLICATE_METHOD_MATCH = YES;
				CODE_SIGN_IDENTITY = "iPhone Distribution: V2Solutions, Inc.";
				"CODE_SIGN_IDENTITY[sdk=iphoneos*]" = "iPhone Distribution: V2Solutions, Inc.";
				COPY_PHASE_STRIP = YES;
				ENABLE_NS_ASSERTIONS = NO;
				ENABLE_STRICT_OBJC_MSGSEND = YES;
				GCC_C_LANGUAGE_STANDARD = gnu99;
				GCC_WARN_64_TO_32_BIT_CONVERSION = YES;
				GCC_WARN_ABOUT_RETURN_TYPE = YES_ERROR;
				GCC_WARN_UNDECLARED_SELECTOR = YES;
				GCC_WARN_UNINITIALIZED_AUTOS = YES_AGGRESSIVE;
				GCC_WARN_UNUSED_FUNCTION = YES;
				GCC_WARN_UNUSED_VARIABLE = YES;
				IPHONEOS_DEPLOYMENT_TARGET = 7.0;
				MTL_ENABLE_DEBUG_INFO = NO;
				PROVISIONING_PROFILE = "639FECA9-5322-46D3-BE94-AC00F4C39DBD";
				SDKROOT = iphoneos;
				VALIDATE_PRODUCT = YES;
			};
			name = Release;
		};
		B9FED41D19F11AD20083D026 /* Debug */ = {
			isa = XCBuildConfiguration;
			buildSettings = {
				ASSETCATALOG_COMPILER_APPICON_NAME = AppIcon;
				INFOPLIST_FILE = DemoProjectTravis/Info.plist;
				IPHONEOS_DEPLOYMENT_TARGET = 7.0;
				LD_RUNPATH_SEARCH_PATHS = "$(inherited) @executable_path/Frameworks";
				PRODUCT_NAME = "$(TARGET_NAME)";
			};
			name = Debug;
		};
		B9FED41E19F11AD20083D026 /* Release */ = {
			isa = XCBuildConfiguration;
			buildSettings = {
				ASSETCATALOG_COMPILER_APPICON_NAME = AppIcon;
				INFOPLIST_FILE = DemoProjectTravis/Info.plist;
				IPHONEOS_DEPLOYMENT_TARGET = 7.0;
				LD_RUNPATH_SEARCH_PATHS = "$(inherited) @executable_path/Frameworks";
				PRODUCT_NAME = "$(TARGET_NAME)";
			};
			name = Release;
		};
		B9FED42019F11AD20083D026 /* Debug */ = {
			isa = XCBuildConfiguration;
			buildSettings = {
				BUNDLE_LOADER = "$(TEST_HOST)";
				FRAMEWORK_SEARCH_PATHS = (
					"$(SDKROOT)/Developer/Library/Frameworks",
					"$(inherited)",
				);
				GCC_PREPROCESSOR_DEFINITIONS = (
					"DEBUG=1",
					"$(inherited)",
				);
				INFOPLIST_FILE = DemoProjectTravisTests/Info.plist;
				LD_RUNPATH_SEARCH_PATHS = "$(inherited) @executable_path/Frameworks @loader_path/Frameworks";
				PRODUCT_NAME = "$(TARGET_NAME)";
				TEST_HOST = "$(BUILT_PRODUCTS_DIR)/DemoProjectTravis.app/DemoProjectTravis";
			};
			name = Debug;
		};
		B9FED42119F11AD20083D026 /* Release */ = {
			isa = XCBuildConfiguration;
			buildSettings = {
				BUNDLE_LOADER = "$(TEST_HOST)";
				FRAMEWORK_SEARCH_PATHS = (
					"$(SDKROOT)/Developer/Library/Frameworks",
					"$(inherited)",
				);
				INFOPLIST_FILE = DemoProjectTravisTests/Info.plist;
				LD_RUNPATH_SEARCH_PATHS = "$(inherited) @executable_path/Frameworks @loader_path/Frameworks";
				PRODUCT_NAME = "$(TARGET_NAME)";
				TEST_HOST = "$(BUILT_PRODUCTS_DIR)/DemoProjectTravis.app/DemoProjectTravis";
			};
			name = Release;
		};
/* End XCBuildConfiguration section */

/* Begin XCConfigurationList section */
		B9FED3F119F11AD10083D026 /* Build configuration list for PBXProject "DemoProjectTravis" */ = {
			isa = XCConfigurationList;
			buildConfigurations = (
				B9FED41A19F11AD20083D026 /* Debug */,
				B9FED41B19F11AD20083D026 /* Release */,
			);
			defaultConfigurationIsVisible = 0;
			defaultConfigurationName = Release;
		};
		B9FED41C19F11AD20083D026 /* Build configuration list for PBXNativeTarget "DemoProjectTravis" */ = {
			isa = XCConfigurationList;
			buildConfigurations = (
				B9FED41D19F11AD20083D026 /* Debug */,
				B9FED41E19F11AD20083D026 /* Release */,
			);
			defaultConfigurationIsVisible = 0;
			defaultConfigurationName = Release;
		};
		B9FED41F19F11AD20083D026 /* Build configuration list for PBXNativeTarget "DemoProjectTravisTests" */ = {
			isa = XCConfigurationList;
			buildConfigurations = (
				B9FED42019F11AD20083D026 /* Debug */,
				B9FED42119F11AD20083D026 /* Release */,
			);
			defaultConfigurationIsVisible = 0;
			defaultConfigurationName = Release;
		};
/* End XCConfigurationList section */
	};
	rootObject = B9FED3EE19F11AD10083D026 /* Project object */;
}
